
Microsoft Visual Studio Solution File, Format Version 12.00
# Visual Studio Version 17
VisualStudioVersion = 17.9.34607.119
MinimumVisualStudioVersion = 10.0.40219.1
Project("{888888A0-9F3D-457C-B088-3A5042F75D52}") = "Collatz Conjecture", "Collatz Conjecture\Collatz Conjecture.pyproj", "{C26BF1C8-D661-4B10-BC0A-8C6D2C585182}"
EndProject
Global
	GlobalSection(SolutionConfigurationPlatforms) = preSolution
		Debug|Any CPU = Debug|Any CPU
		Release|Any CPU = Release|Any CPU
	EndGlobalSection
	GlobalSection(ProjectConfigurationPlatforms) = postSolution
		{C26BF1C8-D661-4B10-BC0A-8C6D2C585182}.Debug|Any CPU.ActiveCfg = Debug|Any CPU
		{C26BF1C8-D661-4B10-BC0A-8C6D2C585182}.Release|Any CPU.ActiveCfg = Release|Any CPU
	EndGlobalSection
	GlobalSection(SolutionProperties) = preSolution
		HideSolutionNode = FALSE
	EndGlobalSection
	GlobalSection(ExtensibilityGlobals) = postSolution
		SolutionGuid = {58D7C00F-5CA2-4D2A-A5FD-DE60669BDF82}
	EndGlobalSection
EndGlobal
